
Microsoft Visual Studio Solution File, Format Version 12.00
# Visual Studio Version 17
VisualStudioVersion = 17.4.33205.214
MinimumVisualStudioVersion = 10.0.40219.1
Project("{FAE04EC0-301F-11D3-BF4B-00C04F79EFBC}") = "TestApp", "TestApp.csproj", "{FDF3B24F-39F9-43F7-BD3C-19001F407721}"
EndProject
Global
	GlobalSection(SolutionConfigurationPlatforms) = preSolution
		Debug|Any CPU = Debug|Any CPU
		Release|Any CPU = Release|Any CPU
	EndGlobalSection
	GlobalSection(ProjectConfigurationPlatforms) = postSolution
		{FDF3B24F-39F9-43F7-BD3C-19001F407721}.Debug|Any CPU.ActiveCfg = Debug|Any CPU
		{FDF3B24F-39F9-43F7-BD3C-19001F407721}.Debug|Any CPU.Build.0 = Debug|Any CPU
		{FDF3B24F-39F9-43F7-BD3C-19001F407721}.Release|Any CPU.ActiveCfg = Release|Any CPU
		{FDF3B24F-39F9-43F7-BD3C-19001F407721}.Release|Any CPU.Build.0 = Release|Any CPU
	EndGlobalSection
	GlobalSection(SolutionProperties) = preSolution
		HideSolutionNode = FALSE
	EndGlobalSection
	GlobalSection(ExtensibilityGlobals) = postSolution
		SolutionGuid = {81809C99-1F5A-43AF-84BD-9C271DD6A147}
	EndGlobalSection
EndGlobal
